
Microsoft Visual Studio Solution File, Format Version 12.00
# Visual Studio Version 17
VisualStudioVersion = 17.4.33027.239
MinimumVisualStudioVersion = 10.0.40219.1
Project("{2150E333-8FDC-42A3-9474-1A3956D46DE8}") = "src", "src", "{44D7EE7A-BBCF-4EFF-86C9-F23F2CE53435}"
EndProject
Project("{9A19103F-16F7-4668-BE54-9A1E7A4F7556}") = "Fixerr", "src\FixSharp\Fixerr.csproj", "{64430A71-366C-4506-990A-D9E73A2AB466}"
EndProject
Project("{2150E333-8FDC-42A3-9474-1A3956D46DE8}") = "test", "test", "{B5403922-28CD-4E05-9357-AF0609CC8E0F}"
EndProject
Project("{2150E333-8FDC-42A3-9474-1A3956D46DE8}") = "clients", "clients", "{B2B8ED59-3506-4048-9236-0577FF0ECB0A}"
EndProject
Project("{9A19103F-16F7-4668-BE54-9A1E7A4F7556}") = "minimal-apis", "test\FixerClients\minimal-apis\minimal-apis.csproj", "{5C7C0B67-98F4-4D60-A727-78E0D28E633C}"
EndProject
Project("{9A19103F-16F7-4668-BE54-9A1E7A4F7556}") = "FixerClientConsole", "test\FixerClients\FixerClientConsole\FixerClientConsole.csproj", "{91B99AF8-8478-4072-9991-9036D1F8CE90}"
EndProject
Project("{2150E333-8FDC-42A3-9474-1A3956D46DE8}") = "unit", "unit", "{D380CB6F-05B5-4D16-9766-92A4E98383C5}"
EndProject
Project("{9A19103F-16F7-4668-BE54-9A1E7A4F7556}") = "FixerrTests", "test\FixerrTests\FixerrTests.csproj", "{C91F2E2F-A555-4CF3-8541-C591D83E94AF}"
EndProject
Project("{2150E333-8FDC-42A3-9474-1A3956D46DE8}") = "solution_items", "solution_items", "{8E196431-3032-4D0E-A77F-C2B87BFC2A35}"
	ProjectSection(SolutionItems) = preProject
		readme.md = readme.md
	EndProjectSection
EndProject
Global
	GlobalSection(SolutionConfigurationPlatforms) = preSolution
		Debug|Any CPU = Debug|Any CPU
		Release|Any CPU = Release|Any CPU
	EndGlobalSection
	GlobalSection(ProjectConfigurationPlatforms) = postSolution
		{64430A71-366C-4506-990A-D9E73A2AB466}.Debug|Any CPU.ActiveCfg = Debug|Any CPU
		{64430A71-366C-4506-990A-D9E73A2AB466}.Debug|Any CPU.Build.0 = Debug|Any CPU
		{64430A71-366C-4506-990A-D9E73A2AB466}.Release|Any CPU.ActiveCfg = Release|Any CPU
		{64430A71-366C-4506-990A-D9E73A2AB466}.Release|Any CPU.Build.0 = Release|Any CPU
		{5C7C0B67-98F4-4D60-A727-78E0D28E633C}.Debug|Any CPU.ActiveCfg = Debug|Any CPU
		{5C7C0B67-98F4-4D60-A727-78E0D28E633C}.Debug|Any CPU.Build.0 = Debug|Any CPU
		{5C7C0B67-98F4-4D60-A727-78E0D28E633C}.Release|Any CPU.ActiveCfg = Release|Any CPU
		{5C7C0B67-98F4-4D60-A727-78E0D28E633C}.Release|Any CPU.Build.0 = Release|Any CPU
		{91B99AF8-8478-4072-9991-9036D1F8CE90}.Debug|Any CPU.ActiveCfg = Debug|Any CPU
		{91B99AF8-8478-4072-9991-9036D1F8CE90}.Debug|Any CPU.Build.0 = Debug|Any CPU
		{91B99AF8-8478-4072-9991-9036D1F8CE90}.Release|Any CPU.ActiveCfg = Release|Any CPU
		{91B99AF8-8478-4072-9991-9036D1F8CE90}.Release|Any CPU.Build.0 = Release|Any CPU
		{C91F2E2F-A555-4CF3-8541-C591D83E94AF}.Debug|Any CPU.ActiveCfg = Debug|Any CPU
		{C91F2E2F-A555-4CF3-8541-C591D83E94AF}.Debug|Any CPU.Build.0 = Debug|Any CPU
		{C91F2E2F-A555-4CF3-8541-C591D83E94AF}.Release|Any CPU.ActiveCfg = Release|Any CPU
		{C91F2E2F-A555-4CF3-8541-C591D83E94AF}.Release|Any CPU.Build.0 = Release|Any CPU
	EndGlobalSection
	GlobalSection(SolutionProperties) = preSolution
		HideSolutionNode = FALSE
	EndGlobalSection
	GlobalSection(NestedProjects) = preSolution
		{64430A71-366C-4506-990A-D9E73A2AB466} = {44D7EE7A-BBCF-4EFF-86C9-F23F2CE53435}
		{B2B8ED59-3506-4048-9236-0577FF0ECB0A} = {B5403922-28CD-4E05-9357-AF0609CC8E0F}
		{5C7C0B67-98F4-4D60-A727-78E0D28E633C} = {B2B8ED59-3506-4048-9236-0577FF0ECB0A}
		{91B99AF8-8478-4072-9991-9036D1F8CE90} = {B2B8ED59-3506-4048-9236-0577FF0ECB0A}
		{D380CB6F-05B5-4D16-9766-92A4E98383C5} = {B5403922-28CD-4E05-9357-AF0609CC8E0F}
		{C91F2E2F-A555-4CF3-8541-C591D83E94AF} = {D380CB6F-05B5-4D16-9766-92A4E98383C5}
	EndGlobalSection
	GlobalSection(ExtensibilityGlobals) = postSolution
		SolutionGuid = {3B7870E7-5C0F-495E-803E-4310373F46E3}
	EndGlobalSection
EndGlobal
