
Microsoft Visual Studio Solution File, Format Version 12.00
# Visual Studio Version 17
VisualStudioVersion = 17.1.32210.238
MinimumVisualStudioVersion = 10.0.40219.1
Project("{9A19103F-16F7-4668-BE54-9A1E7A4F7556}") = "FixSharp", "FixSharp\FixSharp.csproj", "{C2E2DB62-0CF8-4CE6-B3C4-AA4521282CE2}"
EndProject
Project("{2150E333-8FDC-42A3-9474-1A3956D46DE8}") = "src", "src", "{970C3066-0FF6-4BC9-B3DA-A89AD0C9C935}"
EndProject
Project("{2150E333-8FDC-42A3-9474-1A3956D46DE8}") = "samples", "samples", "{5D8273A5-9E53-444D-94B3-93FB526F0038}"
EndProject
Project("{9A19103F-16F7-4668-BE54-9A1E7A4F7556}") = "FixerConsole", "FixerConsole\FixerConsole.csproj", "{E7D395F7-86D4-41E4-9C2B-E3116C051D24}"
EndProject
Project("{2150E333-8FDC-42A3-9474-1A3956D46DE8}") = "WIKI", "WIKI", "{5ECCE7CC-4A4E-4FDF-9E9F-754BC8BEABE9}"
	ProjectSection(SolutionItems) = preProject
		readme.md = readme.md
	EndProjectSection
EndProject
Global
	GlobalSection(SolutionConfigurationPlatforms) = preSolution
		Debug|Any CPU = Debug|Any CPU
		Release|Any CPU = Release|Any CPU
	EndGlobalSection
	GlobalSection(ProjectConfigurationPlatforms) = postSolution
		{C2E2DB62-0CF8-4CE6-B3C4-AA4521282CE2}.Debug|Any CPU.ActiveCfg = Debug|Any CPU
		{C2E2DB62-0CF8-4CE6-B3C4-AA4521282CE2}.Debug|Any CPU.Build.0 = Debug|Any CPU
		{C2E2DB62-0CF8-4CE6-B3C4-AA4521282CE2}.Release|Any CPU.ActiveCfg = Release|Any CPU
		{C2E2DB62-0CF8-4CE6-B3C4-AA4521282CE2}.Release|Any CPU.Build.0 = Release|Any CPU
		{E7D395F7-86D4-41E4-9C2B-E3116C051D24}.Debug|Any CPU.ActiveCfg = Debug|Any CPU
		{E7D395F7-86D4-41E4-9C2B-E3116C051D24}.Debug|Any CPU.Build.0 = Debug|Any CPU
		{E7D395F7-86D4-41E4-9C2B-E3116C051D24}.Release|Any CPU.ActiveCfg = Release|Any CPU
		{E7D395F7-86D4-41E4-9C2B-E3116C051D24}.Release|Any CPU.Build.0 = Release|Any CPU
	EndGlobalSection
	GlobalSection(SolutionProperties) = preSolution
		HideSolutionNode = FALSE
	EndGlobalSection
	GlobalSection(NestedProjects) = preSolution
		{C2E2DB62-0CF8-4CE6-B3C4-AA4521282CE2} = {970C3066-0FF6-4BC9-B3DA-A89AD0C9C935}
		{E7D395F7-86D4-41E4-9C2B-E3116C051D24} = {5D8273A5-9E53-444D-94B3-93FB526F0038}
	EndGlobalSection
	GlobalSection(ExtensibilityGlobals) = postSolution
		SolutionGuid = {669AE772-EB0D-41EC-A37C-94814A508D2B}
	EndGlobalSection
EndGlobal
